
Microsoft Visual Studio Solution File, Format Version 12.00
# Visual Studio Version 17
VisualStudioVersion = 17.7.34024.191
MinimumVisualStudioVersion = 10.0.40219.1
Project("{FAE04EC0-301F-11D3-BF4B-00C04F79EFBC}") = "3033_002_HW2_AbigailPidgeon", "3033_002_HW2_AbigailPidgeon\3033_002_HW2_AbigailPidgeon.csproj", "{99FF87ED-D205-4D63-9BD8-02A2823B1166}"
EndProject
Project("{FAE04EC0-301F-11D3-BF4B-00C04F79EFBC}") = "HWK2_Task2", "HWK2_Task2\HWK2_Task2.csproj", "{C79C7CB0-0FED-4003-9462-DC82708788C2}"
EndProject
Project("{FAE04EC0-301F-11D3-BF4B-00C04F79EFBC}") = "HWK2_Task3", "HWK2_Task3\HWK2_Task3.csproj", "{07374895-FF37-4B2E-B763-A95688834C49}"
EndProject
Global
	GlobalSection(SolutionConfigurationPlatforms) = preSolution
		Debug|Any CPU = Debug|Any CPU
		Release|Any CPU = Release|Any CPU
	EndGlobalSection
	GlobalSection(ProjectConfigurationPlatforms) = postSolution
		{99FF87ED-D205-4D63-9BD8-02A2823B1166}.Debug|Any CPU.ActiveCfg = Debug|Any CPU
		{99FF87ED-D205-4D63-9BD8-02A2823B1166}.Debug|Any CPU.Build.0 = Debug|Any CPU
		{99FF87ED-D205-4D63-9BD8-02A2823B1166}.Release|Any CPU.ActiveCfg = Release|Any CPU
		{99FF87ED-D205-4D63-9BD8-02A2823B1166}.Release|Any CPU.Build.0 = Release|Any CPU
		{C79C7CB0-0FED-4003-9462-DC82708788C2}.Debug|Any CPU.ActiveCfg = Debug|Any CPU
		{C79C7CB0-0FED-4003-9462-DC82708788C2}.Debug|Any CPU.Build.0 = Debug|Any CPU
		{C79C7CB0-0FED-4003-9462-DC82708788C2}.Release|Any CPU.ActiveCfg = Release|Any CPU
		{C79C7CB0-0FED-4003-9462-DC82708788C2}.Release|Any CPU.Build.0 = Release|Any CPU
		{07374895-FF37-4B2E-B763-A95688834C49}.Debug|Any CPU.ActiveCfg = Debug|Any CPU
		{07374895-FF37-4B2E-B763-A95688834C49}.Debug|Any CPU.Build.0 = Debug|Any CPU
		{07374895-FF37-4B2E-B763-A95688834C49}.Release|Any CPU.ActiveCfg = Release|Any CPU
		{07374895-FF37-4B2E-B763-A95688834C49}.Release|Any CPU.Build.0 = Release|Any CPU
	EndGlobalSection
	GlobalSection(SolutionProperties) = preSolution
		HideSolutionNode = FALSE
	EndGlobalSection
	GlobalSection(ExtensibilityGlobals) = postSolution
		SolutionGuid = {44925A81-6F13-4DDD-A963-1DBC6D378913}
	EndGlobalSection
EndGlobal
